// !$*UTF8*$!
{
	archiveVersion = 1;
	classes = {
	};
	objectVersion = 50;
	objects = {

/* Begin PBXBuildFile section */
		569AFBCF21C7E9A300A99784 /* AppDelegate.swift in Sources */ = {isa = PBXBuildFile; fileRef = 569AFBCE21C7E9A300A99784 /* AppDelegate.swift */; };
		569AFBD121C7E9A300A99784 /* TodoListViewController.swift in Sources */ = {isa = PBXBuildFile; fileRef = 569AFBD021C7E9A300A99784 /* TodoListViewController.swift */; };
		569AFBD421C7E9A300A99784 /* Main.storyboard in Resources */ = {isa = PBXBuildFile; fileRef = 569AFBD221C7E9A300A99784 /* Main.storyboard */; };
		569AFBD621C7E9A300A99784 /* Assets.xcassets in Resources */ = {isa = PBXBuildFile; fileRef = 569AFBD521C7E9A300A99784 /* Assets.xcassets */; };
		569AFBD921C7E9A300A99784 /* LaunchScreen.storyboard in Resources */ = {isa = PBXBuildFile; fileRef = 569AFBD721C7E9A300A99784 /* LaunchScreen.storyboard */; };
		569AFBE121C93B0B00A99784 /* Item.swift in Sources */ = {isa = PBXBuildFile; fileRef = 569AFBE021C93B0B00A99784 /* Item.swift */; };
/* End PBXBuildFile section */

/* Begin PBXFileReference section */
		569AFBCB21C7E9A300A99784 /* Todoey.app */ = {isa = PBXFileReference; explicitFileType = wrapper.application; includeInIndex = 0; path = Todoey.app; sourceTree = BUILT_PRODUCTS_DIR; };
		569AFBCE21C7E9A300A99784 /* AppDelegate.swift */ = {isa = PBXFileReference; lastKnownFileType = sourcecode.swift; path = AppDelegate.swift; sourceTree = "<group>"; };
		569AFBD021C7E9A300A99784 /* TodoListViewController.swift */ = {isa = PBXFileReference; lastKnownFileType = sourcecode.swift; path = TodoListViewController.swift; sourceTree = "<group>"; };
		569AFBD321C7E9A300A99784 /* Base */ = {isa = PBXFileReference; lastKnownFileType = file.storyboard; name = Base; path = Base.lproj/Main.storyboard; sourceTree = "<group>"; };
		569AFBD521C7E9A300A99784 /* Assets.xcassets */ = {isa = PBXFileReference; lastKnownFileType = folder.assetcatalog; path = Assets.xcassets; sourceTree = "<group>"; };
		569AFBD821C7E9A300A99784 /* Base */ = {isa = PBXFileReference; lastKnownFileType = file.storyboard; name = Base; path = Base.lproj/LaunchScreen.storyboard; sourceTree = "<group>"; };
		569AFBDA21C7E9A300A99784 /* Info.plist */ = {isa = PBXFileReference; lastKnownFileType = text.plist.xml; path = Info.plist; sourceTree = "<group>"; };
		569AFBE021C93B0B00A99784 /* Item.swift */ = {isa = PBXFileReference; lastKnownFileType = sourcecode.swift; path = Item.swift; sourceTree = "<group>"; };
/* End PBXFileReference section */

/* Begin PBXFrameworksBuildPhase section */
		569AFBC821C7E9A300A99784 /* Frameworks */ = {
			isa = PBXFrameworksBuildPhase;
			buildActionMask = 2147483647;
			files = (
			);
			runOnlyForDeploymentPostprocessing = 0;
		};
/* End PBXFrameworksBuildPhase section */

/* Begin PBXGroup section */
		569AFBC221C7E9A300A99784 = {
			isa = PBXGroup;
			children = (
				569AFBCD21C7E9A300A99784 /* Todoey */,
				569AFBCC21C7E9A300A99784 /* Products */,
			);
			sourceTree = "<group>";
		};
		569AFBCC21C7E9A300A99784 /* Products */ = {
			isa = PBXGroup;
			children = (
				569AFBCB21C7E9A300A99784 /* Todoey.app */,
			);
			name = Products;
			sourceTree = "<group>";
		};
		569AFBCD21C7E9A300A99784 /* Todoey */ = {
			isa = PBXGroup;
			children = (
				569AFBE321C93E1B00A99784 /* Views */,
				569AFBE221C93DFB00A99784 /* Data Model */,
				569AFBCE21C7E9A300A99784 /* AppDelegate.swift */,
				569AFBE521C93E8600A99784 /* Controllers */,
				569AFBE421C93E6800A99784 /* Supporting Files */,
				569AFBDA21C7E9A300A99784 /* Info.plist */,
			);
			path = Todoey;
			sourceTree = "<group>";
		};
		569AFBE221C93DFB00A99784 /* Data Model */ = {
			isa = PBXGroup;
			children = (
				569AFBE021C93B0B00A99784 /* Item.swift */,
			);
			path = "Data Model";
			sourceTree = "<group>";
		};
		569AFBE321C93E1B00A99784 /* Views */ = {
			isa = PBXGroup;
			children = (
				569AFBD221C7E9A300A99784 /* Main.storyboard */,
			);
			path = Views;
			sourceTree = "<group>";
		};
		569AFBE421C93E6800A99784 /* Supporting Files */ = {
			isa = PBXGroup;
			children = (
				569AFBD521C7E9A300A99784 /* Assets.xcassets */,
				569AFBD721C7E9A300A99784 /* LaunchScreen.storyboard */,
			);
			path = "Supporting Files";
			sourceTree = "<group>";
		};
		569AFBE521C93E8600A99784 /* Controllers */ = {
			isa = PBXGroup;
			children = (
				569AFBD021C7E9A300A99784 /* TodoListViewController.swift */,
			);
			path = Controllers;
			sourceTree = "<group>";
		};
/* End PBXGroup section */

/* Begin PBXNativeTarget section */
		569AFBCA21C7E9A300A99784 /* Todoey */ = {
			isa = PBXNativeTarget;
			buildConfigurationList = 569AFBDD21C7E9A300A99784 /* Build configuration list for PBXNativeTarget "Todoey" */;
			buildPhases = (
				569AFBC721C7E9A300A99784 /* Sources */,
				569AFBC821C7E9A300A99784 /* Frameworks */,
				569AFBC921C7E9A300A99784 /* Resources */,
			);
			buildRules = (
			);
			dependencies = (
			);
			name = Todoey;
			productName = Todoey;
			productReference = 569AFBCB21C7E9A300A99784 /* Todoey.app */;
			productType = "com.apple.product-type.application";
		};
/* End PBXNativeTarget section */

/* Begin PBXProject section */
		569AFBC321C7E9A300A99784 /* Project object */ = {
			isa = PBXProject;
			attributes = {
				LastSwiftUpdateCheck = 1010;
				LastUpgradeCheck = 1010;
				ORGANIZATIONNAME = "Paperless Software Solution";
				TargetAttributes = {
					569AFBCA21C7E9A300A99784 = {
						CreatedOnToolsVersion = 10.1;
					};
				};
			};
			buildConfigurationList = 569AFBC621C7E9A300A99784 /* Build configuration list for PBXProject "Todoey" */;
			compatibilityVersion = "Xcode 9.3";
			developmentRegion = en;
			hasScannedForEncodings = 0;
			knownRegions = (
				en,
				Base,
			);
			mainGroup = 569AFBC221C7E9A300A99784;
			productRefGroup = 569AFBCC21C7E9A300A99784 /* Products */;
			projectDirPath = "";
			projectRoot = "";
			targets = (
				569AFBCA21C7E9A300A99784 /* Todoey */,
			);
		};
/* End PBXProject section */

/* Begin PBXResourcesBuildPhase section */
		569AFBC921C7E9A300A99784 /* Resources */ = {
			isa = PBXResourcesBuildPhase;
			buildActionMask = 2147483647;
			files = (
				569AFBD921C7E9A300A99784 /* LaunchScreen.storyboard in Resources */,
				569AFBD621C7E9A300A99784 /* Assets.xcassets in Resources */,
				569AFBD421C7E9A300A99784 /* Main.storyboard in Resources */,
			);
			runOnlyForDeploymentPostprocessing = 0;
		};
/* End PBXResourcesBuildPhase section */

/* Begin PBXSourcesBuildPhase section */
		569AFBC721C7E9A300A99784 /* Sources */ = {
			isa = PBXSourcesBuildPhase;
			buildActionMask = 2147483647;
			files = (
				569AFBD121C7E9A300A99784 /* TodoListViewController.swift in Sources */,
				569AFBE121C93B0B00A99784 /* Item.swift in Sources */,
				569AFBCF21C7E9A300A99784 /* AppDelegate.swift in Sources */,
			);
			runOnlyForDeploymentPostprocessing = 0;
		};
/* End PBXSourcesBuildPhase section */

/* Begin PBXVariantGroup section */
		569AFBD221C7E9A300A99784 /* Main.storyboard */ = {
			isa = PBXVariantGroup;
			children = (
				569AFBD321C7E9A300A99784 /* Base */,
			);
			name = Main.storyboard;
			sourceTree = "<group>";
		};
		569AFBD721C7E9A300A99784 /* LaunchScreen.storyboard */ = {
			isa = PBXVariantGroup;
			children = (
				569AFBD821C7E9A300A99784 /* Base */,
			);
			name = LaunchScreen.storyboard;
			sourceTree = "<group>";
		};
/* End PBXVariantGroup section */

/* Begin XCBuildConfiguration section */
		569AFBDB21C7E9A300A99784 /* Debug */ = {
			isa = XCBuildConfiguration;
			buildSettings = {
				ALWAYS_SEARCH_USER_PATHS = NO;
				CLANG_ANALYZER_NONNULL = YES;
				CLANG_ANALYZER_NUMBER_OBJECT_CONVERSION = YES_AGGRESSIVE;
				CLANG_CXX_LANGUAGE_STANDARD = "gnu++14";
				CLANG_CXX_LIBRARY = "libc++";
				CLANG_ENABLE_MODULES = YES;
				CLANG_ENABLE_OBJC_ARC = YES;
				CLANG_ENABLE_OBJC_WEAK = YES;
				CLANG_WARN_BLOCK_CAPTURE_AUTORELEASING = YES;
				CLANG_WARN_BOOL_CONVERSION = YES;
				CLANG_WARN_COMMA = YES;
				CLANG_WARN_CONSTANT_CONVERSION = YES;
				CLANG_WARN_DEPRECATED_OBJC_IMPLEMENTATIONS = YES;
				CLANG_WARN_DIRECT_OBJC_ISA_USAGE = YES_ERROR;
				CLANG_WARN_DOCUMENTATION_COMMENTS = YES;
				CLANG_WARN_EMPTY_BODY = YES;
				CLANG_WARN_ENUM_CONVERSION = YES;
				CLANG_WARN_INFINITE_RECURSION = YES;
				CLANG_WARN_INT_CONVERSION = YES;
				CLANG_WARN_NON_LITERAL_NULL_CONVERSION = YES;
				CLANG_WARN_OBJC_IMPLICIT_RETAIN_SELF = YES;
				CLANG_WARN_OBJC_LITERAL_CONVERSION = YES;
				CLANG_WARN_OBJC_ROOT_CLASS = YES_ERROR;
				CLANG_WARN_RANGE_LOOP_ANALYSIS = YES;
				CLANG_WARN_STRICT_PROTOTYPES = YES;
				CLANG_WARN_SUSPICIOUS_MOVE = YES;
				CLANG_WARN_UNGUARDED_AVAILABILITY = YES_AGGRESSIVE;
				CLANG_WARN_UNREACHABLE_CODE = YES;
				CLANG_WARN__DUPLICATE_METHOD_MATCH = YES;
				CODE_SIGN_IDENTITY = "iPhone Developer";
				COPY_PHASE_STRIP = NO;
				DEBUG_INFORMATION_FORMAT = dwarf;
				ENABLE_STRICT_OBJC_MSGSEND = YES;
				ENABLE_TESTABILITY = YES;
				GCC_C_LANGUAGE_STANDARD = gnu11;
				GCC_DYNAMIC_NO_PIC = NO;
				GCC_NO_COMMON_BLOCKS = YES;
				GCC_OPTIMIZATION_LEVEL = 0;
				GCC_PREPROCESSOR_DEFINITIONS = (
					"DEBUG=1",
					"$(inherited)",
				);
				GCC_WARN_64_TO_32_BIT_CONVERSION = YES;
				GCC_WARN_ABOUT_RETURN_TYPE = YES_ERROR;
				GCC_WARN_UNDECLARED_SELECTOR = YES;
				GCC_WARN_UNINITIALIZED_AUTOS = YES_AGGRESSIVE;
				GCC_WARN_UNUSED_FUNCTION = YES;
				GCC_WARN_UNUSED_VARIABLE = YES;
				IPHONEOS_DEPLOYMENT_TARGET = 12.1;
				MTL_ENABLE_DEBUG_INFO = INCLUDE_SOURCE;
				MTL_FAST_MATH = YES;
				ONLY_ACTIVE_ARCH = YES;
				SDKROOT = iphoneos;
				SWIFT_ACTIVE_COMPILATION_CONDITIONS = DEBUG;
				SWIFT_OPTIMIZATION_LEVEL = "-Onone";
			};
			name = Debug;
		};
		569AFBDC21C7E9A300A99784 /* Release */ = {
			isa = XCBuildConfiguration;
			buildSettings = {
				ALWAYS_SEARCH_USER_PATHS = NO;
				CLANG_ANALYZER_NONNULL = YES;
				CLANG_ANALYZER_NUMBER_OBJECT_CONVERSION = YES_AGGRESSIVE;
				CLANG_CXX_LANGUAGE_STANDARD = "gnu++14";
				CLANG_CXX_LIBRARY = "libc++";
				CLANG_ENABLE_MODULES = YES;
				CLANG_ENABLE_OBJC_ARC = YES;
				CLANG_ENABLE_OBJC_WEAK = YES;
				CLANG_WARN_BLOCK_CAPTURE_AUTORELEASING = YES;
				CLANG_WARN_BOOL_CONVERSION = YES;
				CLANG_WARN_COMMA = YES;
				CLANG_WARN_CONSTANT_CONVERSION = YES;
				CLANG_WARN_DEPRECATED_OBJC_IMPLEMENTATIONS = YES;
				CLANG_WARN_DIRECT_OBJC_ISA_USAGE = YES_ERROR;
				CLANG_WARN_DOCUMENTATION_COMMENTS = YES;
				CLANG_WARN_EMPTY_BODY = YES;
				CLANG_WARN_ENUM_CONVERSION = YES;
				CLANG_WARN_INFINITE_RECURSION = YES;
				CLANG_WARN_INT_CONVERSION = YES;
				CLANG_WARN_NON_LITERAL_NULL_CONVERSION = YES;
				CLANG_WARN_OBJC_IMPLICIT_RETAIN_SELF = YES;
				CLANG_WARN_OBJC_LITERAL_CONVERSION = YES;
				CLANG_WARN_OBJC_ROOT_CLASS = YES_ERROR;
				CLANG_WARN_RANGE_LOOP_ANALYSIS = YES;
				CLANG_WARN_STRICT_PROTOTYPES = YES;
				CLANG_WARN_SUSPICIOUS_MOVE = YES;
				CLANG_WARN_UNGUARDED_AVAILABILITY = YES_AGGRESSIVE;
				CLANG_WARN_UNREACHABLE_CODE = YES;
				CLANG_WARN__DUPLICATE_METHOD_MATCH = YES;
				CODE_SIGN_IDENTITY = "iPhone Developer";
				COPY_PHASE_STRIP = NO;
				DEBUG_INFORMATION_FORMAT = "dwarf-with-dsym";
				ENABLE_NS_ASSERTIONS = NO;
				ENABLE_STRICT_OBJC_MSGSEND = YES;
				GCC_C_LANGUAGE_STANDARD = gnu11;
				GCC_NO_COMMON_BLOCKS = YES;
				GCC_WARN_64_TO_32_BIT_CONVERSION = YES;
				GCC_WARN_ABOUT_RETURN_TYPE = YES_ERROR;
				GCC_WARN_UNDECLARED_SELECTOR = YES;
				GCC_WARN_UNINITIALIZED_AUTOS = YES_AGGRESSIVE;
				GCC_WARN_UNUSED_FUNCTION = YES;
				GCC_WARN_UNUSED_VARIABLE = YES;
				IPHONEOS_DEPLOYMENT_TARGET = 12.1;
				MTL_ENABLE_DEBUG_INFO = NO;
				MTL_FAST_MATH = YES;
				SDKROOT = iphoneos;
				SWIFT_COMPILATION_MODE = wholemodule;
				SWIFT_OPTIMIZATION_LEVEL = "-O";
				VALIDATE_PRODUCT = YES;
			};
			name = Release;
		};
		569AFBDE21C7E9A300A99784 /* Debug */ = {
			isa = XCBuildConfiguration;
			buildSettings = {
				ASSETCATALOG_COMPILER_APPICON_NAME = AppIcon;
				CODE_SIGN_STYLE = Automatic;
				DEVELOPMENT_TEAM = H22W83V9D4;
				INFOPLIST_FILE = Todoey/Info.plist;
				LD_RUNPATH_SEARCH_PATHS = (
					"$(inherited)",
					"@executable_path/Frameworks",
				);
				PRODUCT_BUNDLE_IDENTIFIER = com.paperlesssolutions.namibiaengineeringweek.Todoey;
				PRODUCT_NAME = "$(TARGET_NAME)";
				SWIFT_VERSION = 4.2;
				TARGETED_DEVICE_FAMILY = "1,2";
			};
			name = Debug;
		};
		569AFBDF21C7E9A300A99784 /* Release */ = {
			isa = XCBuildConfiguration;
			buildSettings = {
				ASSETCATALOG_COMPILER_APPICON_NAME = AppIcon;
				CODE_SIGN_STYLE = Automatic;
				DEVELOPMENT_TEAM = H22W83V9D4;
				INFOPLIST_FILE = Todoey/Info.plist;
				LD_RUNPATH_SEARCH_PATHS = (
					"$(inherited)",
					"@executable_path/Frameworks",
				);
				PRODUCT_BUNDLE_IDENTIFIER = com.paperlesssolutions.namibiaengineeringweek.Todoey;
				PRODUCT_NAME = "$(TARGET_NAME)";
				SWIFT_VERSION = 4.2;
				TARGETED_DEVICE_FAMILY = "1,2";
			};
			name = Release;
		};
/* End XCBuildConfiguration section */

/* Begin XCConfigurationList section */
		569AFBC621C7E9A300A99784 /* Build configuration list for PBXProject "Todoey" */ = {
			isa = XCConfigurationList;
			buildConfigurations = (
				569AFBDB21C7E9A300A99784 /* Debug */,
				569AFBDC21C7E9A300A99784 /* Release */,
			);
			defaultConfigurationIsVisible = 0;
			defaultConfigurationName = Release;
		};
		569AFBDD21C7E9A300A99784 /* Build configuration list for PBXNativeTarget "Todoey" */ = {
			isa = XCConfigurationList;
			buildConfigurations = (
				569AFBDE21C7E9A300A99784 /* Debug */,
				569AFBDF21C7E9A300A99784 /* Release */,
			);
			defaultConfigurationIsVisible = 0;
			defaultConfigurationName = Release;
		};
/* End XCConfigurationList section */
	};
	rootObject = 569AFBC321C7E9A300A99784 /* Project object */;
}
